
Microsoft Visual Studio Solution File, Format Version 12.00
# Visual Studio 2015
Project("{FAE04EC0-301F-11D3-BF4B-00C04F79EFBC}") = "TeddyUnityFramwork", "TeddyUnityFramwork.csproj", "{ED071E01-C3A6-3ED2-1ED0-1A2117AAFBA2}"
EndProject
Project("{FAE04EC0-301F-11D3-BF4B-00C04F79EFBC}") = "TeddyUnityFramwork.Editor", "TeddyUnityFramwork.Editor.csproj", "{2689AE4E-83A5-3D86-69BB-A24C5E4B6EE2}"
EndProject
Global
	GlobalSection(SolutionConfigurationPlatforms) = preSolution
		Debug|Any CPU = Debug|Any CPU
		Release|Any CPU = Release|Any CPU
	EndGlobalSection
	GlobalSection(ProjectConfigurationPlatforms) = postSolution
		{ED071E01-C3A6-3ED2-1ED0-1A2117AAFBA2}.Debug|Any CPU.ActiveCfg = Debug|Any CPU
		{ED071E01-C3A6-3ED2-1ED0-1A2117AAFBA2}.Debug|Any CPU.Build.0 = Debug|Any CPU
		{ED071E01-C3A6-3ED2-1ED0-1A2117AAFBA2}.Release|Any CPU.ActiveCfg = Release|Any CPU
		{ED071E01-C3A6-3ED2-1ED0-1A2117AAFBA2}.Release|Any CPU.Build.0 = Release|Any CPU
		{2689AE4E-83A5-3D86-69BB-A24C5E4B6EE2}.Debug|Any CPU.ActiveCfg = Debug|Any CPU
		{2689AE4E-83A5-3D86-69BB-A24C5E4B6EE2}.Debug|Any CPU.Build.0 = Debug|Any CPU
		{2689AE4E-83A5-3D86-69BB-A24C5E4B6EE2}.Release|Any CPU.ActiveCfg = Release|Any CPU
		{2689AE4E-83A5-3D86-69BB-A24C5E4B6EE2}.Release|Any CPU.Build.0 = Release|Any CPU
	EndGlobalSection
	GlobalSection(SolutionProperties) = preSolution
		HideSolutionNode = FALSE
	EndGlobalSection
EndGlobal
